
Microsoft Visual Studio Solution File, Format Version 12.00
# Visual Studio Version 17
VisualStudioVersion = 17.11.35219.272
MinimumVisualStudioVersion = 10.0.40219.1
Project("{FAE04EC0-301F-11D3-BF4B-00C04F79EFBC}") = "GerenciadorFuncionarios", "GerenciadorFuncionarios\GerenciadorFuncionarios.csproj", "{B7652E63-5E89-401D-8982-B33F3430C165}"
EndProject
Global
	GlobalSection(SolutionConfigurationPlatforms) = preSolution
		Debug|Any CPU = Debug|Any CPU
		Release|Any CPU = Release|Any CPU
	EndGlobalSection
	GlobalSection(ProjectConfigurationPlatforms) = postSolution
		{B7652E63-5E89-401D-8982-B33F3430C165}.Debug|Any CPU.ActiveCfg = Debug|Any CPU
		{B7652E63-5E89-401D-8982-B33F3430C165}.Debug|Any CPU.Build.0 = Debug|Any CPU
		{B7652E63-5E89-401D-8982-B33F3430C165}.Release|Any CPU.ActiveCfg = Release|Any CPU
		{B7652E63-5E89-401D-8982-B33F3430C165}.Release|Any CPU.Build.0 = Release|Any CPU
	EndGlobalSection
	GlobalSection(SolutionProperties) = preSolution
		HideSolutionNode = FALSE
	EndGlobalSection
	GlobalSection(ExtensibilityGlobals) = postSolution
		SolutionGuid = {A826B965-9B5A-43FC-BE89-BECC8ED6B317}
	EndGlobalSection
EndGlobal
